// !$*UTF8*$!
{
	archiveVersion = 1;
	classes = {
	};
	objectVersion = 46;
	objects = {

/* Begin PBXBuildFile section */
		50B856B5190C359E00C7A61A /* Foundation.framework in Frameworks */ = {isa = PBXBuildFile; fileRef = 50B856B4190C359E00C7A61A /* Foundation.framework */; };
		50B856C3190C359F00C7A61A /* XCTest.framework in Frameworks */ = {isa = PBXBuildFile; fileRef = 50B856C2190C359F00C7A61A /* XCTest.framework */; };
		50B856C4190C359F00C7A61A /* Foundation.framework in Frameworks */ = {isa = PBXBuildFile; fileRef = 50B856B4190C359E00C7A61A /* Foundation.framework */; };
		50B856C6190C359F00C7A61A /* UIKit.framework in Frameworks */ = {isa = PBXBuildFile; fileRef = 50B856C5190C359F00C7A61A /* UIKit.framework */; };
		50B856C9190C359F00C7A61A /* libNetCarbon.a in Frameworks */ = {isa = PBXBuildFile; fileRef = 50B856B1190C359E00C7A61A /* libNetCarbon.a */; };
		50B856E6190CA7B200C7A61A /* NETCarbon.m in Sources */ = {isa = PBXBuildFile; fileRef = 50B856E5190CA7B200C7A61A /* NETCarbon.m */; };
		50B856E7190CA7B200C7A61A /* NETCarbon.m in Sources */ = {isa = PBXBuildFile; fileRef = 50B856E5190CA7B200C7A61A /* NETCarbon.m */; };
		50B856EB190CA7C600C7A61A /* NETCarbonTests.m in Sources */ = {isa = PBXBuildFile; fileRef = 50B856EA190CA7C600C7A61A /* NETCarbonTests.m */; };
/* End PBXBuildFile section */

/* Begin PBXContainerItemProxy section */
		50B856C7190C359F00C7A61A /* PBXContainerItemProxy */ = {
			isa = PBXContainerItemProxy;
			containerPortal = 50B856A9190C359E00C7A61A /* Project object */;
			proxyType = 1;
			remoteGlobalIDString = 50B856B0190C359E00C7A61A;
			remoteInfo = NETCarbon;
		};
/* End PBXContainerItemProxy section */

/* Begin PBXCopyFilesBuildPhase section */
		50B856AF190C359E00C7A61A /* CopyFiles */ = {
			isa = PBXCopyFilesBuildPhase;
			buildActionMask = 2147483647;
			dstPath = "include/$(PRODUCT_NAME)";
			dstSubfolderSpec = 16;
			files = (
			);
			runOnlyForDeploymentPostprocessing = 0;
		};
/* End PBXCopyFilesBuildPhase section */

/* Begin PBXFileReference section */
		50B856B1190C359E00C7A61A /* libNetCarbon.a */ = {isa = PBXFileReference; explicitFileType = archive.ar; includeInIndex = 0; path = libNetCarbon.a; sourceTree = BUILT_PRODUCTS_DIR; };
		50B856B4190C359E00C7A61A /* Foundation.framework */ = {isa = PBXFileReference; lastKnownFileType = wrapper.framework; name = Foundation.framework; path = System/Library/Frameworks/Foundation.framework; sourceTree = SDKROOT; };
		50B856C1190C359F00C7A61A /* NetCarbonTests.xctest */ = {isa = PBXFileReference; explicitFileType = wrapper.cfbundle; includeInIndex = 0; path = NetCarbonTests.xctest; sourceTree = BUILT_PRODUCTS_DIR; };
		50B856C2190C359F00C7A61A /* XCTest.framework */ = {isa = PBXFileReference; lastKnownFileType = wrapper.framework; name = XCTest.framework; path = Library/Frameworks/XCTest.framework; sourceTree = DEVELOPER_DIR; };
		50B856C5190C359F00C7A61A /* UIKit.framework */ = {isa = PBXFileReference; lastKnownFileType = wrapper.framework; name = UIKit.framework; path = Library/Frameworks/UIKit.framework; sourceTree = DEVELOPER_DIR; };
		50B856E3190CA7B200C7A61A /* NetCarbon-Prefix.pch */ = {isa = PBXFileReference; fileEncoding = 4; lastKnownFileType = sourcecode.c.h; name = "NetCarbon-Prefix.pch"; path = "NETCarbon/NetCarbon-Prefix.pch"; sourceTree = SOURCE_ROOT; };
		50B856E4190CA7B200C7A61A /* NETCarbon.h */ = {isa = PBXFileReference; fileEncoding = 4; lastKnownFileType = sourcecode.c.h; name = NETCarbon.h; path = NETCarbon/NETCarbon.h; sourceTree = SOURCE_ROOT; };
		50B856E5190CA7B200C7A61A /* NETCarbon.m */ = {isa = PBXFileReference; fileEncoding = 4; lastKnownFileType = sourcecode.c.objc; name = NETCarbon.m; path = NETCarbon/NETCarbon.m; sourceTree = SOURCE_ROOT; };
		50B856E8190CA7BF00C7A61A /* NetCarbonTests-Info.plist */ = {isa = PBXFileReference; fileEncoding = 4; lastKnownFileType = text.plist.xml; name = "NetCarbonTests-Info.plist"; path = "NETCarbonTests/NetCarbonTests-Info.plist"; sourceTree = SOURCE_ROOT; };
		50B856EA190CA7C600C7A61A /* NETCarbonTests.m */ = {isa = PBXFileReference; fileEncoding = 4; lastKnownFileType = sourcecode.c.objc; name = NETCarbonTests.m; path = NETCarbonTests/NETCarbonTests.m; sourceTree = SOURCE_ROOT; };
/* End PBXFileReference section */

/* Begin PBXFrameworksBuildPhase section */
		50B856AE190C359E00C7A61A /* Frameworks */ = {
			isa = PBXFrameworksBuildPhase;
			buildActionMask = 2147483647;
			files = (
				50B856B5190C359E00C7A61A /* Foundation.framework in Frameworks */,
			);
			runOnlyForDeploymentPostprocessing = 0;
		};
		50B856BE190C359F00C7A61A /* Frameworks */ = {
			isa = PBXFrameworksBuildPhase;
			buildActionMask = 2147483647;
			files = (
				50B856C3190C359F00C7A61A /* XCTest.framework in Frameworks */,
				50B856C9190C359F00C7A61A /* libNetCarbon.a in Frameworks */,
				50B856C6190C359F00C7A61A /* UIKit.framework in Frameworks */,
				50B856C4190C359F00C7A61A /* Foundation.framework in Frameworks */,
			);
			runOnlyForDeploymentPostprocessing = 0;
		};
/* End PBXFrameworksBuildPhase section */

/* Begin PBXGroup section */
		50B856A8190C359E00C7A61A = {
			isa = PBXGroup;
			children = (
				50B856B6190C359F00C7A61A /* NETCarbon */,
				50B856CA190C359F00C7A61A /* NETCarbonTests */,
				50B856B3190C359E00C7A61A /* Frameworks */,
				50B856B2190C359E00C7A61A /* Products */,
			);
			sourceTree = "<group>";
		};
		50B856B2190C359E00C7A61A /* Products */ = {
			isa = PBXGroup;
			children = (
				50B856B1190C359E00C7A61A /* libNetCarbon.a */,
				50B856C1190C359F00C7A61A /* NetCarbonTests.xctest */,
			);
			name = Products;
			sourceTree = "<group>";
		};
		50B856B3190C359E00C7A61A /* Frameworks */ = {
			isa = PBXGroup;
			children = (
				50B856B4190C359E00C7A61A /* Foundation.framework */,
				50B856C2190C359F00C7A61A /* XCTest.framework */,
				50B856C5190C359F00C7A61A /* UIKit.framework */,
			);
			name = Frameworks;
			sourceTree = "<group>";
		};
		50B856B6190C359F00C7A61A /* NETCarbon */ = {
			isa = PBXGroup;
			children = (
				50B856E4190CA7B200C7A61A /* NETCarbon.h */,
				50B856E5190CA7B200C7A61A /* NETCarbon.m */,
				50B856B7190C359F00C7A61A /* Supporting Files */,
			);
			path = NETCarbon;
			sourceTree = "<group>";
		};
		50B856B7190C359F00C7A61A /* Supporting Files */ = {
			isa = PBXGroup;
			children = (
				50B856E3190CA7B200C7A61A /* NetCarbon-Prefix.pch */,
			);
			name = "Supporting Files";
			sourceTree = "<group>";
		};
		50B856CA190C359F00C7A61A /* NETCarbonTests */ = {
			isa = PBXGroup;
			children = (
				50B856EA190CA7C600C7A61A /* NETCarbonTests.m */,
				50B856CB190C359F00C7A61A /* Supporting Files */,
			);
			path = NETCarbonTests;
			sourceTree = "<group>";
		};
		50B856CB190C359F00C7A61A /* Supporting Files */ = {
			isa = PBXGroup;
			children = (
				50B856E8190CA7BF00C7A61A /* NetCarbonTests-Info.plist */,
			);
			name = "Supporting Files";
			sourceTree = "<group>";
		};
/* End PBXGroup section */

/* Begin PBXNativeTarget section */
		50B856B0190C359E00C7A61A /* NetCarbon */ = {
			isa = PBXNativeTarget;
			buildConfigurationList = 50B856D4190C359F00C7A61A /* Build configuration list for PBXNativeTarget "NetCarbon" */;
			buildPhases = (
				50B856AD190C359E00C7A61A /* Sources */,
				50B856AE190C359E00C7A61A /* Frameworks */,
				50B856AF190C359E00C7A61A /* CopyFiles */,
			);
			buildRules = (
			);
			dependencies = (
			);
			name = NetCarbon;
			productName = NETCarbon;
			productReference = 50B856B1190C359E00C7A61A /* libNetCarbon.a */;
			productType = "com.apple.product-type.library.static";
		};
		50B856C0190C359F00C7A61A /* NetCarbonTests */ = {
			isa = PBXNativeTarget;
			buildConfigurationList = 50B856D7190C359F00C7A61A /* Build configuration list for PBXNativeTarget "NetCarbonTests" */;
			buildPhases = (
				50B856BD190C359F00C7A61A /* Sources */,
				50B856BE190C359F00C7A61A /* Frameworks */,
				50B856BF190C359F00C7A61A /* Resources */,
			);
			buildRules = (
			);
			dependencies = (
				50B856C8190C359F00C7A61A /* PBXTargetDependency */,
			);
			name = NetCarbonTests;
			productName = NETCarbonTests;
			productReference = 50B856C1190C359F00C7A61A /* NetCarbonTests.xctest */;
			productType = "com.apple.product-type.bundle.unit-test";
		};
/* End PBXNativeTarget section */

/* Begin PBXProject section */
		50B856A9190C359E00C7A61A /* Project object */ = {
			isa = PBXProject;
			attributes = {
				LastUpgradeCheck = 0510;
				ORGANIZATIONNAME = "Maxwell Cabral";
			};
			buildConfigurationList = 50B856AC190C359E00C7A61A /* Build configuration list for PBXProject "NetCarbon" */;
			compatibilityVersion = "Xcode 3.2";
			developmentRegion = English;
			hasScannedForEncodings = 0;
			knownRegions = (
				en,
			);
			mainGroup = 50B856A8190C359E00C7A61A;
			productRefGroup = 50B856B2190C359E00C7A61A /* Products */;
			projectDirPath = "";
			projectRoot = "";
			targets = (
				50B856B0190C359E00C7A61A /* NetCarbon */,
				50B856C0190C359F00C7A61A /* NetCarbonTests */,
			);
		};
/* End PBXProject section */

/* Begin PBXResourcesBuildPhase section */
		50B856BF190C359F00C7A61A /* Resources */ = {
			isa = PBXResourcesBuildPhase;
			buildActionMask = 2147483647;
			files = (
			);
			runOnlyForDeploymentPostprocessing = 0;
		};
/* End PBXResourcesBuildPhase section */

/* Begin PBXSourcesBuildPhase section */
		50B856AD190C359E00C7A61A /* Sources */ = {
			isa = PBXSourcesBuildPhase;
			buildActionMask = 2147483647;
			files = (
				50B856E6190CA7B200C7A61A /* NETCarbon.m in Sources */,
			);
			runOnlyForDeploymentPostprocessing = 0;
		};
		50B856BD190C359F00C7A61A /* Sources */ = {
			isa = PBXSourcesBuildPhase;
			buildActionMask = 2147483647;
			files = (
				50B856EB190CA7C600C7A61A /* NETCarbonTests.m in Sources */,
				50B856E7190CA7B200C7A61A /* NETCarbon.m in Sources */,
			);
			runOnlyForDeploymentPostprocessing = 0;
		};
/* End PBXSourcesBuildPhase section */

/* Begin PBXTargetDependency section */
		50B856C8190C359F00C7A61A /* PBXTargetDependency */ = {
			isa = PBXTargetDependency;
			target = 50B856B0190C359E00C7A61A /* NetCarbon */;
			targetProxy = 50B856C7190C359F00C7A61A /* PBXContainerItemProxy */;
		};
/* End PBXTargetDependency section */

/* Begin XCBuildConfiguration section */
		50B856D2190C359F00C7A61A /* Debug */ = {
			isa = XCBuildConfiguration;
			buildSettings = {
				ALWAYS_SEARCH_USER_PATHS = NO;
				CLANG_CXX_LANGUAGE_STANDARD = "gnu++0x";
				CLANG_CXX_LIBRARY = "libc++";
				CLANG_ENABLE_MODULES = YES;
				CLANG_ENABLE_OBJC_ARC = YES;
				CLANG_WARN_BOOL_CONVERSION = YES;
				CLANG_WARN_CONSTANT_CONVERSION = YES;
				CLANG_WARN_DIRECT_OBJC_ISA_USAGE = YES_ERROR;
				CLANG_WARN_EMPTY_BODY = YES;
				CLANG_WARN_ENUM_CONVERSION = YES;
				CLANG_WARN_INT_CONVERSION = YES;
				CLANG_WARN_OBJC_ROOT_CLASS = YES_ERROR;
				CLANG_WARN__DUPLICATE_METHOD_MATCH = YES;
				COPY_PHASE_STRIP = NO;
				GCC_C_LANGUAGE_STANDARD = gnu99;
				GCC_DYNAMIC_NO_PIC = NO;
				GCC_OPTIMIZATION_LEVEL = 0;
				GCC_PREPROCESSOR_DEFINITIONS = (
					"DEBUG=1",
					"$(inherited)",
				);
				GCC_SYMBOLS_PRIVATE_EXTERN = NO;
				GCC_WARN_64_TO_32_BIT_CONVERSION = YES;
				GCC_WARN_ABOUT_RETURN_TYPE = YES_ERROR;
				GCC_WARN_UNDECLARED_SELECTOR = YES;
				GCC_WARN_UNINITIALIZED_AUTOS = YES_AGGRESSIVE;
				GCC_WARN_UNUSED_FUNCTION = YES;
				GCC_WARN_UNUSED_VARIABLE = YES;
				IPHONEOS_DEPLOYMENT_TARGET = 7.1;
				ONLY_ACTIVE_ARCH = YES;
				SDKROOT = iphoneos;
			};
			name = Debug;
		};
		50B856D3190C359F00C7A61A /* Release */ = {
			isa = XCBuildConfiguration;
			buildSettings = {
				ALWAYS_SEARCH_USER_PATHS = NO;
				CLANG_CXX_LANGUAGE_STANDARD = "gnu++0x";
				CLANG_CXX_LIBRARY = "libc++";
				CLANG_ENABLE_MODULES = YES;
				CLANG_ENABLE_OBJC_ARC = YES;
				CLANG_WARN_BOOL_CONVERSION = YES;
				CLANG_WARN_CONSTANT_CONVERSION = YES;
				CLANG_WARN_DIRECT_OBJC_ISA_USAGE = YES_ERROR;
				CLANG_WARN_EMPTY_BODY = YES;
				CLANG_WARN_ENUM_CONVERSION = YES;
				CLANG_WARN_INT_CONVERSION = YES;
				CLANG_WARN_OBJC_ROOT_CLASS = YES_ERROR;
				CLANG_WARN__DUPLICATE_METHOD_MATCH = YES;
				COPY_PHASE_STRIP = YES;
				ENABLE_NS_ASSERTIONS = NO;
				GCC_C_LANGUAGE_STANDARD = gnu99;
				GCC_WARN_64_TO_32_BIT_CONVERSION = YES;
				GCC_WARN_ABOUT_RETURN_TYPE = YES_ERROR;
				GCC_WARN_UNDECLARED_SELECTOR = YES;
				GCC_WARN_UNINITIALIZED_AUTOS = YES_AGGRESSIVE;
				GCC_WARN_UNUSED_FUNCTION = YES;
				GCC_WARN_UNUSED_VARIABLE = YES;
				IPHONEOS_DEPLOYMENT_TARGET = 7.1;
				SDKROOT = iphoneos;
				VALIDATE_PRODUCT = YES;
			};
			name = Release;
		};
		50B856D5190C359F00C7A61A /* Debug */ = {
			isa = XCBuildConfiguration;
			buildSettings = {
				DSTROOT = /tmp/NETCarbon.dst;
				GCC_PRECOMPILE_PREFIX_HEADER = YES;
				GCC_PREFIX_HEADER = "NETCarbon/NetCarbon-Prefix.pch";
				OTHER_LDFLAGS = "-ObjC";
				PRODUCT_NAME = NetCarbon;
				SKIP_INSTALL = YES;
			};
			name = Debug;
		};
		50B856D6190C359F00C7A61A /* Release */ = {
			isa = XCBuildConfiguration;
			buildSettings = {
				DSTROOT = /tmp/NETCarbon.dst;
				GCC_PRECOMPILE_PREFIX_HEADER = YES;
				GCC_PREFIX_HEADER = "NETCarbon/NetCarbon-Prefix.pch";
				OTHER_LDFLAGS = "-ObjC";
				PRODUCT_NAME = NetCarbon;
				SKIP_INSTALL = YES;
			};
			name = Release;
		};
		50B856D8190C359F00C7A61A /* Debug */ = {
			isa = XCBuildConfiguration;
			buildSettings = {
				FRAMEWORK_SEARCH_PATHS = (
					"$(SDKROOT)/Developer/Library/Frameworks",
					"$(inherited)",
					"$(DEVELOPER_FRAMEWORKS_DIR)",
				);
				GCC_PRECOMPILE_PREFIX_HEADER = YES;
				GCC_PREFIX_HEADER = "NETCarbon/NETCarbon-Prefix.pch";
				GCC_PREPROCESSOR_DEFINITIONS = (
					"DEBUG=1",
					"$(inherited)",
				);
				INFOPLIST_FILE = "NETCarbonTests/NetCarbonTests-Info.plist";
				PRODUCT_NAME = NetCarbonTests;
				WRAPPER_EXTENSION = xctest;
			};
			name = Debug;
		};
		50B856D9190C359F00C7A61A /* Release */ = {
			isa = XCBuildConfiguration;
			buildSettings = {
				FRAMEWORK_SEARCH_PATHS = (
					"$(SDKROOT)/Developer/Library/Frameworks",
					"$(inherited)",
					"$(DEVELOPER_FRAMEWORKS_DIR)",
				);
				GCC_PRECOMPILE_PREFIX_HEADER = YES;
				GCC_PREFIX_HEADER = "NETCarbon/NETCarbon-Prefix.pch";
				INFOPLIST_FILE = "NETCarbonTests/NetCarbonTests-Info.plist";
				PRODUCT_NAME = NetCarbonTests;
				WRAPPER_EXTENSION = xctest;
			};
			name = Release;
		};
/* End XCBuildConfiguration section */

/* Begin XCConfigurationList section */
		50B856AC190C359E00C7A61A /* Build configuration list for PBXProject "NetCarbon" */ = {
			isa = XCConfigurationList;
			buildConfigurations = (
				50B856D2190C359F00C7A61A /* Debug */,
				50B856D3190C359F00C7A61A /* Release */,
			);
			defaultConfigurationIsVisible = 0;
			defaultConfigurationName = Release;
		};
		50B856D4190C359F00C7A61A /* Build configuration list for PBXNativeTarget "NetCarbon" */ = {
			isa = XCConfigurationList;
			buildConfigurations = (
				50B856D5190C359F00C7A61A /* Debug */,
				50B856D6190C359F00C7A61A /* Release */,
			);
			defaultConfigurationIsVisible = 0;
			defaultConfigurationName = Release;
		};
		50B856D7190C359F00C7A61A /* Build configuration list for PBXNativeTarget "NetCarbonTests" */ = {
			isa = XCConfigurationList;
			buildConfigurations = (
				50B856D8190C359F00C7A61A /* Debug */,
				50B856D9190C359F00C7A61A /* Release */,
			);
			defaultConfigurationIsVisible = 0;
			defaultConfigurationName = Release;
		};
/* End XCConfigurationList section */
	};
	rootObject = 50B856A9190C359E00C7A61A /* Project object */;
}
